
Microsoft Visual Studio Solution File, Format Version 12.00
# Visual Studio Version 16
VisualStudioVersion = 16.0.31605.320
MinimumVisualStudioVersion = 10.0.40219.1
Project("{8BC9CEB8-8B4A-11D0-8D11-00A0C91BC942}") = "classwork", "classwork\classwork.vcxproj", "{5E0082D2-2925-4297-8DD3-7F48F018547E}"
EndProject
Global
	GlobalSection(SolutionConfigurationPlatforms) = preSolution
		Debug|x64 = Debug|x64
		Debug|x86 = Debug|x86
		Release|x64 = Release|x64
		Release|x86 = Release|x86
	EndGlobalSection
	GlobalSection(ProjectConfigurationPlatforms) = postSolution
		{5E0082D2-2925-4297-8DD3-7F48F018547E}.Debug|x64.ActiveCfg = Debug|x64
		{5E0082D2-2925-4297-8DD3-7F48F018547E}.Debug|x64.Build.0 = Debug|x64
		{5E0082D2-2925-4297-8DD3-7F48F018547E}.Debug|x86.ActiveCfg = Debug|Win32
		{5E0082D2-2925-4297-8DD3-7F48F018547E}.Debug|x86.Build.0 = Debug|Win32
		{5E0082D2-2925-4297-8DD3-7F48F018547E}.Release|x64.ActiveCfg = Release|x64
		{5E0082D2-2925-4297-8DD3-7F48F018547E}.Release|x64.Build.0 = Release|x64
		{5E0082D2-2925-4297-8DD3-7F48F018547E}.Release|x86.ActiveCfg = Release|Win32
		{5E0082D2-2925-4297-8DD3-7F48F018547E}.Release|x86.Build.0 = Release|Win32
	EndGlobalSection
	GlobalSection(SolutionProperties) = preSolution
		HideSolutionNode = FALSE
	EndGlobalSection
	GlobalSection(ExtensibilityGlobals) = postSolution
		SolutionGuid = {5E2F3BE1-9993-4099-8900-FE6FE9B9815F}
	EndGlobalSection
EndGlobal
